Microsoft Visual Studio Solution File, Format Version 12.00
# Visual Studio Version 17
VisualStudioVersion = 17.0.31903.59
MinimumVisualStudioVersion = 10.0.40219.1
Project("{9A19103F-16F7-4668-BE54-9A1E7A4F7556}") = "WorkManager", "WorkManager\WorkManager\WorkManager.csproj", "{3E98EA86-DC5D-4774-B6C7-D325FE42EF1B}"
EndProject
Project("{FAE04EC0-301F-11D3-BF4B-00C04F79EFBC}") = "WorkManager.Android", "WorkManager\WorkManager.Android\WorkManager.Android.csproj", "{560147D4-133F-44FB-8267-171B6B2CF671}"
EndProject
Project("{FAE04EC0-301F-11D3-BF4B-00C04F79EFBC}") = "WorkManager.iOS", "WorkManager\WorkManager.iOS\WorkManager.iOS.csproj", "{1432AB7E-8E24-42CA-B035-99C2FA5F24BD}"
EndProject
Project("{9A19103F-16F7-4668-BE54-9A1E7A4F7556}") = "WorkManager.DAL", "WorkManager.DAL\WorkManager.DAL.csproj", "{2ED6B3F9-7E2C-4950-BFAD-DE5F0C965B56}"
EndProject
Project("{9A19103F-16F7-4668-BE54-9A1E7A4F7556}") = "WorkManager.BL", "WorkManager.BL\WorkManager.BL.csproj", "{C2F187B1-F081-4BD7-8446-4D21A7F5066C}"
EndProject
Project("{9A19103F-16F7-4668-BE54-9A1E7A4F7556}") = "WorkManager.BL.Interfaces", "WorkManager.BL.Interfaces\WorkManager.BL.Interfaces.csproj", "{F74E1BE6-C876-4B3A-AF85-17C35D886D40}"
EndProject
Project("{9A19103F-16F7-4668-BE54-9A1E7A4F7556}") = "WorkManager.Models", "WorkManager.Models\WorkManager.Models.csproj", "{6E458A7E-216F-44E1-BB55-76FDD1D7D81B}"
EndProject
Project("{9A19103F-16F7-4668-BE54-9A1E7A4F7556}") = "WorkManager.Models.Interfaces", "WorkManager.Models.Interfaces\WorkManager.Models.Interfaces.csproj", "{B1273AF5-18F9-4DC6-9115-1E223942F0AB}"
EndProject
Project("{9A19103F-16F7-4668-BE54-9A1E7A4F7556}") = "WorkManager.Views", "WorkManager.Views\WorkManager.Views.csproj", "{880DCCE0-56CA-4B83-B93F-AD95048F11E7}"
EndProject
Project("{9A19103F-16F7-4668-BE54-9A1E7A4F7556}") = "WorkManager.ViewModels", "WorkManagerViewModels\WorkManager.ViewModels.csproj", "{63F9F843-AE40-4749-9596-41F77D8D56E7}"
EndProject
Project("{9A19103F-16F7-4668-BE54-9A1E7A4F7556}") = "WorkManager.Core", "WorkManager.Core\WorkManager.Core.csproj", "{648EF000-24A0-468D-856C-7F98A4E755DC}"
EndProject
Project("{9A19103F-16F7-4668-BE54-9A1E7A4F7556}") = "WorkManager.Converters", "WorkManager.Converters\WorkManager.Converters.csproj", "{BE68B761-5984-43A7-8666-ED66EE850E79}"
EndProject
Project("{9A19103F-16F7-4668-BE54-9A1E7A4F7556}") = "WorkManager.Extensions", "WorkManager.Extensions\WorkManager.Extensions.csproj", "{DD031613-2879-450F-BDDD-36069ED331BC}"
EndProject
Project("{9A19103F-16F7-4668-BE54-9A1E7A4F7556}") = "WorkManager.Xamarin.Core", "WorkManager.Xamarin.Core\WorkManager.Xamarin.Core.csproj", "{48AA03C2-5149-4757-AB3D-283FAA54D357}"
EndProject
Project("{2150E333-8FDC-42A3-9474-1A3956D46DE8}") = "Shared", "Shared", "{8DD347C9-5F57-45C0-8E65-904DB97F95FC}"
	ProjectSection(SolutionItems) = preProject
		SharedAssemblyInfo.cs = SharedAssemblyInfo.cs
	EndProjectSection
EndProject
Project("{2150E333-8FDC-42A3-9474-1A3956D46DE8}") = "Solution Items", "Solution Items", "{EF1CC2EA-A92A-4BF6-8E6E-AD0BBBD16E0F}"
	ProjectSection(SolutionItems) = preProject
		.editorconfig = .editorconfig
	EndProjectSection
EndProject
Project("{9A19103F-16F7-4668-BE54-9A1E7A4F7556}") = "WorkManager.DAL.Migration", "WorkManager.DAL.Migration\WorkManager.DAL.Migration.csproj", "{ED6AE629-F5A7-4B6E-A66A-DDE45FE4B21C}"
EndProject
Project("{9A19103F-16F7-4668-BE54-9A1E7A4F7556}") = "WorkManager.Logger", "WorkManager.Logger\WorkManager.Logger.csproj", "{4F02C014-8764-449F-8DB0-75A44B8BFA9F}"
EndProject
Project("{FAE04EC0-301F-11D3-BF4B-00C04F79EFBC}") = "WorkManager.Core.Interfaces", "WorkManager.Core.Interfaces\WorkManager.Core.Interfaces.csproj", "{F875AA60-A176-478C-AE95-78E910A921CA}"
EndProject
Global
	GlobalSection(SolutionConfigurationPlatforms) = preSolution
		Ad-Hoc|Any CPU = Ad-Hoc|Any CPU
		Ad-Hoc|iPhone = Ad-Hoc|iPhone
		Ad-Hoc|iPhoneSimulator = Ad-Hoc|iPhoneSimulator
		AppStore|Any CPU = AppStore|Any CPU
		AppStore|iPhone = AppStore|iPhone
		AppStore|iPhoneSimulator = AppStore|iPhoneSimulator
		Debug|Any CPU = Debug|Any CPU
		Debug|iPhone = Debug|iPhone
		Debug|iPhoneSimulator = Debug|iPhoneSimulator
		Release|Any CPU = Release|Any CPU
		Release|iPhone = Release|iPhone
		Release|iPhoneSimulator = Release|iPhoneSimulator
	EndGlobalSection
	GlobalSection(ProjectConfigurationPlatforms) = postSolution
		{3E98EA86-DC5D-4774-B6C7-D325FE42EF1B}.Ad-Hoc|Any CPU.ActiveCfg = Debug|Any CPU
		{3E98EA86-DC5D-4774-B6C7-D325FE42EF1B}.Ad-Hoc|Any CPU.Build.0 = Debug|Any CPU
		{3E98EA86-DC5D-4774-B6C7-D325FE42EF1B}.Ad-Hoc|iPhone.ActiveCfg = Debug|Any CPU
		{3E98EA86-DC5D-4774-B6C7-D325FE42EF1B}.Ad-Hoc|iPhone.Build.0 = Debug|Any CPU
		{3E98EA86-DC5D-4774-B6C7-D325FE42EF1B}.Ad-Hoc|iPhoneSimulator.ActiveCfg = Debug|Any CPU
		{3E98EA86-DC5D-4774-B6C7-D325FE42EF1B}.Ad-Hoc|iPhoneSimulator.Build.0 = Debug|Any CPU
		{3E98EA86-DC5D-4774-B6C7-D325FE42EF1B}.AppStore|Any CPU.ActiveCfg = Debug|Any CPU
		{3E98EA86-DC5D-4774-B6C7-D325FE42EF1B}.AppStore|Any CPU.Build.0 = Debug|Any CPU
		{3E98EA86-DC5D-4774-B6C7-D325FE42EF1B}.AppStore|iPhone.ActiveCfg = Debug|Any CPU
		{3E98EA86-DC5D-4774-B6C7-D325FE42EF1B}.AppStore|iPhone.Build.0 = Debug|Any CPU
		{3E98EA86-DC5D-4774-B6C7-D325FE42EF1B}.AppStore|iPhoneSimulator.ActiveCfg = Debug|Any CPU
		{3E98EA86-DC5D-4774-B6C7-D325FE42EF1B}.AppStore|iPhoneSimulator.Build.0 = Debug|Any CPU
		{3E98EA86-DC5D-4774-B6C7-D325FE42EF1B}.Debug|Any CPU.ActiveCfg = Debug|Any CPU
		{3E98EA86-DC5D-4774-B6C7-D325FE42EF1B}.Debug|Any CPU.Build.0 = Debug|Any CPU
		{3E98EA86-DC5D-4774-B6C7-D325FE42EF1B}.Debug|iPhone.ActiveCfg = Debug|Any CPU
		{3E98EA86-DC5D-4774-B6C7-D325FE42EF1B}.Debug|iPhone.Build.0 = Debug|Any CPU
		{3E98EA86-DC5D-4774-B6C7-D325FE42EF1B}.Debug|iPhoneSimulator.ActiveCfg = Debug|Any CPU
		{3E98EA86-DC5D-4774-B6C7-D325FE42EF1B}.Debug|iPhoneSimulator.Build.0 = Debug|Any CPU
		{3E98EA86-DC5D-4774-B6C7-D325FE42EF1B}.Release|Any CPU.ActiveCfg = Release|Any CPU
		{3E98EA86-DC5D-4774-B6C7-D325FE42EF1B}.Release|Any CPU.Build.0 = Release|Any CPU
		{3E98EA86-DC5D-4774-B6C7-D325FE42EF1B}.Release|iPhone.ActiveCfg = Release|Any CPU
		{3E98EA86-DC5D-4774-B6C7-D325FE42EF1B}.Release|iPhone.Build.0 = Release|Any CPU
		{3E98EA86-DC5D-4774-B6C7-D325FE42EF1B}.Release|iPhoneSimulator.ActiveCfg = Release|Any CPU
		{3E98EA86-DC5D-4774-B6C7-D325FE42EF1B}.Release|iPhoneSimulator.Build.0 = Release|Any CPU
		{560147D4-133F-44FB-8267-171B6B2CF671}.Ad-Hoc|Any CPU.ActiveCfg = Debug|Any CPU
		{560147D4-133F-44FB-8267-171B6B2CF671}.Ad-Hoc|Any CPU.Build.0 = Debug|Any CPU
		{560147D4-133F-44FB-8267-171B6B2CF671}.Ad-Hoc|Any CPU.Deploy.0 = Debug|Any CPU
		{560147D4-133F-44FB-8267-171B6B2CF671}.Ad-Hoc|iPhone.ActiveCfg = Debug|Any CPU
		{560147D4-133F-44FB-8267-171B6B2CF671}.Ad-Hoc|iPhone.Build.0 = Debug|Any CPU
		{560147D4-133F-44FB-8267-171B6B2CF671}.Ad-Hoc|iPhone.Deploy.0 = Debug|Any CPU
		{560147D4-133F-44FB-8267-171B6B2CF671}.Ad-Hoc|iPhoneSimulator.ActiveCfg = Debug|Any CPU
		{560147D4-133F-44FB-8267-171B6B2CF671}.Ad-Hoc|iPhoneSimulator.Build.0 = Debug|Any CPU
		{560147D4-133F-44FB-8267-171B6B2CF671}.Ad-Hoc|iPhoneSimulator.Deploy.0 = Debug|Any CPU
		{560147D4-133F-44FB-8267-171B6B2CF671}.AppStore|Any CPU.ActiveCfg = Debug|Any CPU
		{560147D4-133F-44FB-8267-171B6B2CF671}.AppStore|Any CPU.Build.0 = Debug|Any CPU
		{560147D4-133F-44FB-8267-171B6B2CF671}.AppStore|Any CPU.Deploy.0 = Debug|Any CPU
		{560147D4-133F-44FB-8267-171B6B2CF671}.AppStore|iPhone.ActiveCfg = Debug|Any CPU
		{560147D4-133F-44FB-8267-171B6B2CF671}.AppStore|iPhone.Build.0 = Debug|Any CPU
		{560147D4-133F-44FB-8267-171B6B2CF671}.AppStore|iPhone.Deploy.0 = Debug|Any CPU
		{560147D4-133F-44FB-8267-171B6B2CF671}.AppStore|iPhoneSimulator.ActiveCfg = Debug|Any CPU
		{560147D4-133F-44FB-8267-171B6B2CF671}.AppStore|iPhoneSimulator.Build.0 = Debug|Any CPU
		{560147D4-133F-44FB-8267-171B6B2CF671}.AppStore|iPhoneSimulator.Deploy.0 = Debug|Any CPU
		{560147D4-133F-44FB-8267-171B6B2CF671}.Debug|Any CPU.ActiveCfg = Debug|Any CPU
		{560147D4-133F-44FB-8267-171B6B2CF671}.Debug|Any CPU.Build.0 = Debug|Any CPU
		{560147D4-133F-44FB-8267-171B6B2CF671}.Debug|Any CPU.Deploy.0 = Debug|Any CPU
		{560147D4-133F-44FB-8267-171B6B2CF671}.Debug|iPhone.ActiveCfg = Debug|Any CPU
		{560147D4-133F-44FB-8267-171B6B2CF671}.Debug|iPhone.Build.0 = Debug|Any CPU
		{560147D4-133F-44FB-8267-171B6B2CF671}.Debug|iPhone.Deploy.0 = Debug|Any CPU
		{560147D4-133F-44FB-8267-171B6B2CF671}.Debug|iPhoneSimulator.ActiveCfg = Debug|Any CPU
		{560147D4-133F-44FB-8267-171B6B2CF671}.Debug|iPhoneSimulator.Build.0 = Debug|Any CPU
		{560147D4-133F-44FB-8267-171B6B2CF671}.Debug|iPhoneSimulator.Deploy.0 = Debug|Any CPU
		{560147D4-133F-44FB-8267-171B6B2CF671}.Release|Any CPU.ActiveCfg = Release|Any CPU
		{560147D4-133F-44FB-8267-171B6B2CF671}.Release|Any CPU.Build.0 = Release|Any CPU
		{560147D4-133F-44FB-8267-171B6B2CF671}.Release|Any CPU.Deploy.0 = Release|Any CPU
		{560147D4-133F-44FB-8267-171B6B2CF671}.Release|iPhone.ActiveCfg = Release|Any CPU
		{560147D4-133F-44FB-8267-171B6B2CF671}.Release|iPhone.Build.0 = Release|Any CPU
		{560147D4-133F-44FB-8267-171B6B2CF671}.Release|iPhone.Deploy.0 = Release|Any CPU
		{560147D4-133F-44FB-8267-171B6B2CF671}.Release|iPhoneSimulator.ActiveCfg = Release|Any CPU
		{560147D4-133F-44FB-8267-171B6B2CF671}.Release|iPhoneSimulator.Build.0 = Release|Any CPU
		{560147D4-133F-44FB-8267-171B6B2CF671}.Release|iPhoneSimulator.Deploy.0 = Release|Any CPU
		{1432AB7E-8E24-42CA-B035-99C2FA5F24BD}.Ad-Hoc|Any CPU.ActiveCfg = Ad-Hoc|iPhoneSimulator
		{1432AB7E-8E24-42CA-B035-99C2FA5F24BD}.Ad-Hoc|iPhone.ActiveCfg = Ad-Hoc|iPhone
		{1432AB7E-8E24-42CA-B035-99C2FA5F24BD}.Ad-Hoc|iPhone.Build.0 = Ad-Hoc|iPhone
		{1432AB7E-8E24-42CA-B035-99C2FA5F24BD}.Ad-Hoc|iPhoneSimulator.ActiveCfg = Ad-Hoc|iPhoneSimulator
		{1432AB7E-8E24-42CA-B035-99C2FA5F24BD}.Ad-Hoc|iPhoneSimulator.Build.0 = Ad-Hoc|iPhoneSimulator
		{1432AB7E-8E24-42CA-B035-99C2FA5F24BD}.AppStore|Any CPU.ActiveCfg = AppStore|iPhoneSimulator
		{1432AB7E-8E24-42CA-B035-99C2FA5F24BD}.AppStore|iPhone.ActiveCfg = AppStore|iPhone
		{1432AB7E-8E24-42CA-B035-99C2FA5F24BD}.AppStore|iPhone.Build.0 = AppStore|iPhone
		{1432AB7E-8E24-42CA-B035-99C2FA5F24BD}.AppStore|iPhoneSimulator.ActiveCfg = AppStore|iPhoneSimulator
		{1432AB7E-8E24-42CA-B035-99C2FA5F24BD}.AppStore|iPhoneSimulator.Build.0 = AppStore|iPhoneSimulator
		{1432AB7E-8E24-42CA-B035-99C2FA5F24BD}.Debug|Any CPU.ActiveCfg = Debug|iPhoneSimulator
		{1432AB7E-8E24-42CA-B035-99C2FA5F24BD}.Debug|iPhone.ActiveCfg = Debug|iPhone
		{1432AB7E-8E24-42CA-B035-99C2FA5F24BD}.Debug|iPhone.Build.0 = Debug|iPhone
		{1432AB7E-8E24-42CA-B035-99C2FA5F24BD}.Debug|iPhoneSimulator.ActiveCfg = Debug|iPhoneSimulator
		{1432AB7E-8E24-42CA-B035-99C2FA5F24BD}.Debug|iPhoneSimulator.Build.0 = Debug|iPhoneSimulator
		{1432AB7E-8E24-42CA-B035-99C2FA5F24BD}.Release|Any CPU.ActiveCfg = Release|iPhoneSimulator
		{1432AB7E-8E24-42CA-B035-99C2FA5F24BD}.Release|iPhone.ActiveCfg = Release|iPhone
		{1432AB7E-8E24-42CA-B035-99C2FA5F24BD}.Release|iPhone.Build.0 = Release|iPhone
		{1432AB7E-8E24-42CA-B035-99C2FA5F24BD}.Release|iPhoneSimulator.ActiveCfg = Release|iPhoneSimulator
		{1432AB7E-8E24-42CA-B035-99C2FA5F24BD}.Release|iPhoneSimulator.Build.0 = Release|iPhoneSimulator
		{2ED6B3F9-7E2C-4950-BFAD-DE5F0C965B56}.Ad-Hoc|Any CPU.ActiveCfg = Debug|Any CPU
		{2ED6B3F9-7E2C-4950-BFAD-DE5F0C965B56}.Ad-Hoc|Any CPU.Build.0 = Debug|Any CPU
		{2ED6B3F9-7E2C-4950-BFAD-DE5F0C965B56}.Ad-Hoc|iPhone.ActiveCfg = Debug|Any CPU
		{2ED6B3F9-7E2C-4950-BFAD-DE5F0C965B56}.Ad-Hoc|iPhone.Build.0 = Debug|Any CPU
		{2ED6B3F9-7E2C-4950-BFAD-DE5F0C965B56}.Ad-Hoc|iPhoneSimulator.ActiveCfg = Debug|Any CPU
		{2ED6B3F9-7E2C-4950-BFAD-DE5F0C965B56}.Ad-Hoc|iPhoneSimulator.Build.0 = Debug|Any CPU
		{2ED6B3F9-7E2C-4950-BFAD-DE5F0C965B56}.AppStore|Any CPU.ActiveCfg = Debug|Any CPU
		{2ED6B3F9-7E2C-4950-BFAD-DE5F0C965B56}.AppStore|Any CPU.Build.0 = Debug|Any CPU
		{2ED6B3F9-7E2C-4950-BFAD-DE5F0C965B56}.AppStore|iPhone.ActiveCfg = Debug|Any CPU
		{2ED6B3F9-7E2C-4950-BFAD-DE5F0C965B56}.AppStore|iPhone.Build.0 = Debug|Any CPU
		{2ED6B3F9-7E2C-4950-BFAD-DE5F0C965B56}.AppStore|iPhoneSimulator.ActiveCfg = Debug|Any CPU
		{2ED6B3F9-7E2C-4950-BFAD-DE5F0C965B56}.AppStore|iPhoneSimulator.Build.0 = Debug|Any CPU
		{2ED6B3F9-7E2C-4950-BFAD-DE5F0C965B56}.Debug|Any CPU.ActiveCfg = Debug|Any CPU
		{2ED6B3F9-7E2C-4950-BFAD-DE5F0C965B56}.Debug|Any CPU.Build.0 = Debug|Any CPU
		{2ED6B3F9-7E2C-4950-BFAD-DE5F0C965B56}.Debug|iPhone.ActiveCfg = Debug|Any CPU
		{2ED6B3F9-7E2C-4950-BFAD-DE5F0C965B56}.Debug|iPhone.Build.0 = Debug|Any CPU
		{2ED6B3F9-7E2C-4950-BFAD-DE5F0C965B56}.Debug|iPhoneSimulator.ActiveCfg = Debug|Any CPU
		{2ED6B3F9-7E2C-4950-BFAD-DE5F0C965B56}.Debug|iPhoneSimulator.Build.0 = Debug|Any CPU
		{2ED6B3F9-7E2C-4950-BFAD-DE5F0C965B56}.Release|Any CPU.ActiveCfg = Release|Any CPU
		{2ED6B3F9-7E2C-4950-BFAD-DE5F0C965B56}.Release|Any CPU.Build.0 = Release|Any CPU
		{2ED6B3F9-7E2C-4950-BFAD-DE5F0C965B56}.Release|iPhone.ActiveCfg = Release|Any CPU
		{2ED6B3F9-7E2C-4950-BFAD-DE5F0C965B56}.Release|iPhone.Build.0 = Release|Any CPU
		{2ED6B3F9-7E2C-4950-BFAD-DE5F0C965B56}.Release|iPhoneSimulator.ActiveCfg = Release|Any CPU
		{2ED6B3F9-7E2C-4950-BFAD-DE5F0C965B56}.Release|iPhoneSimulator.Build.0 = Release|Any CPU
		{C2F187B1-F081-4BD7-8446-4D21A7F5066C}.Ad-Hoc|Any CPU.ActiveCfg = Debug|Any CPU
		{C2F187B1-F081-4BD7-8446-4D21A7F5066C}.Ad-Hoc|Any CPU.Build.0 = Debug|Any CPU
		{C2F187B1-F081-4BD7-8446-4D21A7F5066C}.Ad-Hoc|iPhone.ActiveCfg = Debug|Any CPU
		{C2F187B1-F081-4BD7-8446-4D21A7F5066C}.Ad-Hoc|iPhone.Build.0 = Debug|Any CPU
		{C2F187B1-F081-4BD7-8446-4D21A7F5066C}.Ad-Hoc|iPhoneSimulator.ActiveCfg = Debug|Any CPU
		{C2F187B1-F081-4BD7-8446-4D21A7F5066C}.Ad-Hoc|iPhoneSimulator.Build.0 = Debug|Any CPU
		{C2F187B1-F081-4BD7-8446-4D21A7F5066C}.AppStore|Any CPU.ActiveCfg = Debug|Any CPU
		{C2F187B1-F081-4BD7-8446-4D21A7F5066C}.AppStore|Any CPU.Build.0 = Debug|Any CPU
		{C2F187B1-F081-4BD7-8446-4D21A7F5066C}.AppStore|iPhone.ActiveCfg = Debug|Any CPU
		{C2F187B1-F081-4BD7-8446-4D21A7F5066C}.AppStore|iPhone.Build.0 = Debug|Any CPU
		{C2F187B1-F081-4BD7-8446-4D21A7F5066C}.AppStore|iPhoneSimulator.ActiveCfg = Debug|Any CPU
		{C2F187B1-F081-4BD7-8446-4D21A7F5066C}.AppStore|iPhoneSimulator.Build.0 = Debug|Any CPU
		{C2F187B1-F081-4BD7-8446-4D21A7F5066C}.Debug|Any CPU.ActiveCfg = Debug|Any CPU
		{C2F187B1-F081-4BD7-8446-4D21A7F5066C}.Debug|Any CPU.Build.0 = Debug|Any CPU
		{C2F187B1-F081-4BD7-8446-4D21A7F5066C}.Debug|iPhone.ActiveCfg = Debug|Any CPU
		{C2F187B1-F081-4BD7-8446-4D21A7F5066C}.Debug|iPhone.Build.0 = Debug|Any CPU
		{C2F187B1-F081-4BD7-8446-4D21A7F5066C}.Debug|iPhoneSimulator.ActiveCfg = Debug|Any CPU
		{C2F187B1-F081-4BD7-8446-4D21A7F5066C}.Debug|iPhoneSimulator.Build.0 = Debug|Any CPU
		{C2F187B1-F081-4BD7-8446-4D21A7F5066C}.Release|Any CPU.ActiveCfg = Release|Any CPU
		{C2F187B1-F081-4BD7-8446-4D21A7F5066C}.Release|Any CPU.Build.0 = Release|Any CPU
		{C2F187B1-F081-4BD7-8446-4D21A7F5066C}.Release|iPhone.ActiveCfg = Release|Any CPU
		{C2F187B1-F081-4BD7-8446-4D21A7F5066C}.Release|iPhone.Build.0 = Release|Any CPU
		{C2F187B1-F081-4BD7-8446-4D21A7F5066C}.Release|iPhoneSimulator.ActiveCfg = Release|Any CPU
		{C2F187B1-F081-4BD7-8446-4D21A7F5066C}.Release|iPhoneSimulator.Build.0 = Release|Any CPU
		{F74E1BE6-C876-4B3A-AF85-17C35D886D40}.Ad-Hoc|Any CPU.ActiveCfg = Debug|Any CPU
		{F74E1BE6-C876-4B3A-AF85-17C35D886D40}.Ad-Hoc|Any CPU.Build.0 = Debug|Any CPU
		{F74E1BE6-C876-4B3A-AF85-17C35D886D40}.Ad-Hoc|iPhone.ActiveCfg = Debug|Any CPU
		{F74E1BE6-C876-4B3A-AF85-17C35D886D40}.Ad-Hoc|iPhone.Build.0 = Debug|Any CPU
		{F74E1BE6-C876-4B3A-AF85-17C35D886D40}.Ad-Hoc|iPhoneSimulator.ActiveCfg = Debug|Any CPU
		{F74E1BE6-C876-4B3A-AF85-17C35D886D40}.Ad-Hoc|iPhoneSimulator.Build.0 = Debug|Any CPU
		{F74E1BE6-C876-4B3A-AF85-17C35D886D40}.AppStore|Any CPU.ActiveCfg = Debug|Any CPU
		{F74E1BE6-C876-4B3A-AF85-17C35D886D40}.AppStore|Any CPU.Build.0 = Debug|Any CPU
		{F74E1BE6-C876-4B3A-AF85-17C35D886D40}.AppStore|iPhone.ActiveCfg = Debug|Any CPU
		{F74E1BE6-C876-4B3A-AF85-17C35D886D40}.AppStore|iPhone.Build.0 = Debug|Any CPU
		{F74E1BE6-C876-4B3A-AF85-17C35D886D40}.AppStore|iPhoneSimulator.ActiveCfg = Debug|Any CPU
		{F74E1BE6-C876-4B3A-AF85-17C35D886D40}.AppStore|iPhoneSimulator.Build.0 = Debug|Any CPU
		{F74E1BE6-C876-4B3A-AF85-17C35D886D40}.Debug|Any CPU.ActiveCfg = Debug|Any CPU
		{F74E1BE6-C876-4B3A-AF85-17C35D886D40}.Debug|Any CPU.Build.0 = Debug|Any CPU
		{F74E1BE6-C876-4B3A-AF85-17C35D886D40}.Debug|iPhone.ActiveCfg = Debug|Any CPU
		{F74E1BE6-C876-4B3A-AF85-17C35D886D40}.Debug|iPhone.Build.0 = Debug|Any CPU
		{F74E1BE6-C876-4B3A-AF85-17C35D886D40}.Debug|iPhoneSimulator.ActiveCfg = Debug|Any CPU
		{F74E1BE6-C876-4B3A-AF85-17C35D886D40}.Debug|iPhoneSimulator.Build.0 = Debug|Any CPU
		{F74E1BE6-C876-4B3A-AF85-17C35D886D40}.Release|Any CPU.ActiveCfg = Release|Any CPU
		{F74E1BE6-C876-4B3A-AF85-17C35D886D40}.Release|Any CPU.Build.0 = Release|Any CPU
		{F74E1BE6-C876-4B3A-AF85-17C35D886D40}.Release|iPhone.ActiveCfg = Release|Any CPU
		{F74E1BE6-C876-4B3A-AF85-17C35D886D40}.Release|iPhone.Build.0 = Release|Any CPU
		{F74E1BE6-C876-4B3A-AF85-17C35D886D40}.Release|iPhoneSimulator.ActiveCfg = Release|Any CPU
		{F74E1BE6-C876-4B3A-AF85-17C35D886D40}.Release|iPhoneSimulator.Build.0 = Release|Any CPU
		{6E458A7E-216F-44E1-BB55-76FDD1D7D81B}.Ad-Hoc|Any CPU.ActiveCfg = Debug|Any CPU
		{6E458A7E-216F-44E1-BB55-76FDD1D7D81B}.Ad-Hoc|Any CPU.Build.0 = Debug|Any CPU
		{6E458A7E-216F-44E1-BB55-76FDD1D7D81B}.Ad-Hoc|iPhone.ActiveCfg = Debug|Any CPU
		{6E458A7E-216F-44E1-BB55-76FDD1D7D81B}.Ad-Hoc|iPhone.Build.0 = Debug|Any CPU
		{6E458A7E-216F-44E1-BB55-76FDD1D7D81B}.Ad-Hoc|iPhoneSimulator.ActiveCfg = Debug|Any CPU
		{6E458A7E-216F-44E1-BB55-76FDD1D7D81B}.Ad-Hoc|iPhoneSimulator.Build.0 = Debug|Any CPU
		{6E458A7E-216F-44E1-BB55-76FDD1D7D81B}.AppStore|Any CPU.ActiveCfg = Debug|Any CPU
		{6E458A7E-216F-44E1-BB55-76FDD1D7D81B}.AppStore|Any CPU.Build.0 = Debug|Any CPU
		{6E458A7E-216F-44E1-BB55-76FDD1D7D81B}.AppStore|iPhone.ActiveCfg = Debug|Any CPU
		{6E458A7E-216F-44E1-BB55-76FDD1D7D81B}.AppStore|iPhone.Build.0 = Debug|Any CPU
		{6E458A7E-216F-44E1-BB55-76FDD1D7D81B}.AppStore|iPhoneSimulator.ActiveCfg = Debug|Any CPU
		{6E458A7E-216F-44E1-BB55-76FDD1D7D81B}.AppStore|iPhoneSimulator.Build.0 = Debug|Any CPU
		{6E458A7E-216F-44E1-BB55-76FDD1D7D81B}.Debug|Any CPU.ActiveCfg = Debug|Any CPU
		{6E458A7E-216F-44E1-BB55-76FDD1D7D81B}.Debug|Any CPU.Build.0 = Debug|Any CPU
		{6E458A7E-216F-44E1-BB55-76FDD1D7D81B}.Debug|iPhone.ActiveCfg = Debug|Any CPU
		{6E458A7E-216F-44E1-BB55-76FDD1D7D81B}.Debug|iPhone.Build.0 = Debug|Any CPU
		{6E458A7E-216F-44E1-BB55-76FDD1D7D81B}.Debug|iPhoneSimulator.ActiveCfg = Debug|Any CPU
		{6E458A7E-216F-44E1-BB55-76FDD1D7D81B}.Debug|iPhoneSimulator.Build.0 = Debug|Any CPU
		{6E458A7E-216F-44E1-BB55-76FDD1D7D81B}.Release|Any CPU.ActiveCfg = Release|Any CPU
		{6E458A7E-216F-44E1-BB55-76FDD1D7D81B}.Release|Any CPU.Build.0 = Release|Any CPU
		{6E458A7E-216F-44E1-BB55-76FDD1D7D81B}.Release|iPhone.ActiveCfg = Release|Any CPU
		{6E458A7E-216F-44E1-BB55-76FDD1D7D81B}.Release|iPhone.Build.0 = Release|Any CPU
		{6E458A7E-216F-44E1-BB55-76FDD1D7D81B}.Release|iPhoneSimulator.ActiveCfg = Release|Any CPU
		{6E458A7E-216F-44E1-BB55-76FDD1D7D81B}.Release|iPhoneSimulator.Build.0 = Release|Any CPU
		{B1273AF5-18F9-4DC6-9115-1E223942F0AB}.Ad-Hoc|Any CPU.ActiveCfg = Debug|Any CPU
		{B1273AF5-18F9-4DC6-9115-1E223942F0AB}.Ad-Hoc|Any CPU.Build.0 = Debug|Any CPU
		{B1273AF5-18F9-4DC6-9115-1E223942F0AB}.Ad-Hoc|iPhone.ActiveCfg = Debug|Any CPU
		{B1273AF5-18F9-4DC6-9115-1E223942F0AB}.Ad-Hoc|iPhone.Build.0 = Debug|Any CPU
		{B1273AF5-18F9-4DC6-9115-1E223942F0AB}.Ad-Hoc|iPhoneSimulator.ActiveCfg = Debug|Any CPU
		{B1273AF5-18F9-4DC6-9115-1E223942F0AB}.Ad-Hoc|iPhoneSimulator.Build.0 = Debug|Any CPU
		{B1273AF5-18F9-4DC6-9115-1E223942F0AB}.AppStore|Any CPU.ActiveCfg = Debug|Any CPU
		{B1273AF5-18F9-4DC6-9115-1E223942F0AB}.AppStore|Any CPU.Build.0 = Debug|Any CPU
		{B1273AF5-18F9-4DC6-9115-1E223942F0AB}.AppStore|iPhone.ActiveCfg = Debug|Any CPU
		{B1273AF5-18F9-4DC6-9115-1E223942F0AB}.AppStore|iPhone.Build.0 = Debug|Any CPU
		{B1273AF5-18F9-4DC6-9115-1E223942F0AB}.AppStore|iPhoneSimulator.ActiveCfg = Debug|Any CPU
		{B1273AF5-18F9-4DC6-9115-1E223942F0AB}.AppStore|iPhoneSimulator.Build.0 = Debug|Any CPU
		{B1273AF5-18F9-4DC6-9115-1E223942F0AB}.Debug|Any CPU.ActiveCfg = Debug|Any CPU
		{B1273AF5-18F9-4DC6-9115-1E223942F0AB}.Debug|Any CPU.Build.0 = Debug|Any CPU
		{B1273AF5-18F9-4DC6-9115-1E223942F0AB}.Debug|iPhone.ActiveCfg = Debug|Any CPU
		{B1273AF5-18F9-4DC6-9115-1E223942F0AB}.Debug|iPhone.Build.0 = Debug|Any CPU
		{B1273AF5-18F9-4DC6-9115-1E223942F0AB}.Debug|iPhoneSimulator.ActiveCfg = Debug|Any CPU
		{B1273AF5-18F9-4DC6-9115-1E223942F0AB}.Debug|iPhoneSimulator.Build.0 = Debug|Any CPU
		{B1273AF5-18F9-4DC6-9115-1E223942F0AB}.Release|Any CPU.ActiveCfg = Release|Any CPU
		{B1273AF5-18F9-4DC6-9115-1E223942F0AB}.Release|Any CPU.Build.0 = Release|Any CPU
		{B1273AF5-18F9-4DC6-9115-1E223942F0AB}.Release|iPhone.ActiveCfg = Release|Any CPU
		{B1273AF5-18F9-4DC6-9115-1E223942F0AB}.Release|iPhone.Build.0 = Release|Any CPU
		{B1273AF5-18F9-4DC6-9115-1E223942F0AB}.Release|iPhoneSimulator.ActiveCfg = Release|Any CPU
		{B1273AF5-18F9-4DC6-9115-1E223942F0AB}.Release|iPhoneSimulator.Build.0 = Release|Any CPU
		{880DCCE0-56CA-4B83-B93F-AD95048F11E7}.Ad-Hoc|Any CPU.ActiveCfg = Debug|Any CPU
		{880DCCE0-56CA-4B83-B93F-AD95048F11E7}.Ad-Hoc|Any CPU.Build.0 = Debug|Any CPU
		{880DCCE0-56CA-4B83-B93F-AD95048F11E7}.Ad-Hoc|iPhone.ActiveCfg = Debug|Any CPU
		{880DCCE0-56CA-4B83-B93F-AD95048F11E7}.Ad-Hoc|iPhone.Build.0 = Debug|Any CPU
		{880DCCE0-56CA-4B83-B93F-AD95048F11E7}.Ad-Hoc|iPhoneSimulator.ActiveCfg = Debug|Any CPU
		{880DCCE0-56CA-4B83-B93F-AD95048F11E7}.Ad-Hoc|iPhoneSimulator.Build.0 = Debug|Any CPU
		{880DCCE0-56CA-4B83-B93F-AD95048F11E7}.AppStore|Any CPU.ActiveCfg = Debug|Any CPU
		{880DCCE0-56CA-4B83-B93F-AD95048F11E7}.AppStore|Any CPU.Build.0 = Debug|Any CPU
		{880DCCE0-56CA-4B83-B93F-AD95048F11E7}.AppStore|iPhone.ActiveCfg = Debug|Any CPU
		{880DCCE0-56CA-4B83-B93F-AD95048F11E7}.AppStore|iPhone.Build.0 = Debug|Any CPU
		{880DCCE0-56CA-4B83-B93F-AD95048F11E7}.AppStore|iPhoneSimulator.ActiveCfg = Debug|Any CPU
		{880DCCE0-56CA-4B83-B93F-AD95048F11E7}.AppStore|iPhoneSimulator.Build.0 = Debug|Any CPU
		{880DCCE0-56CA-4B83-B93F-AD95048F11E7}.Debug|Any CPU.ActiveCfg = Debug|Any CPU
		{880DCCE0-56CA-4B83-B93F-AD95048F11E7}.Debug|Any CPU.Build.0 = Debug|Any CPU
		{880DCCE0-56CA-4B83-B93F-AD95048F11E7}.Debug|iPhone.ActiveCfg = Debug|Any CPU
		{880DCCE0-56CA-4B83-B93F-AD95048F11E7}.Debug|iPhone.Build.0 = Debug|Any CPU
		{880DCCE0-56CA-4B83-B93F-AD95048F11E7}.Debug|iPhoneSimulator.ActiveCfg = Debug|Any CPU
		{880DCCE0-56CA-4B83-B93F-AD95048F11E7}.Debug|iPhoneSimulator.Build.0 = Debug|Any CPU
		{880DCCE0-56CA-4B83-B93F-AD95048F11E7}.Release|Any CPU.ActiveCfg = Release|Any CPU
		{880DCCE0-56CA-4B83-B93F-AD95048F11E7}.Release|Any CPU.Build.0 = Release|Any CPU
		{880DCCE0-56CA-4B83-B93F-AD95048F11E7}.Release|iPhone.ActiveCfg = Release|Any CPU
		{880DCCE0-56CA-4B83-B93F-AD95048F11E7}.Release|iPhone.Build.0 = Release|Any CPU
		{880DCCE0-56CA-4B83-B93F-AD95048F11E7}.Release|iPhoneSimulator.ActiveCfg = Release|Any CPU
		{880DCCE0-56CA-4B83-B93F-AD95048F11E7}.Release|iPhoneSimulator.Build.0 = Release|Any CPU
		{63F9F843-AE40-4749-9596-41F77D8D56E7}.Ad-Hoc|Any CPU.ActiveCfg = Debug|Any CPU
		{63F9F843-AE40-4749-9596-41F77D8D56E7}.Ad-Hoc|Any CPU.Build.0 = Debug|Any CPU
		{63F9F843-AE40-4749-9596-41F77D8D56E7}.Ad-Hoc|iPhone.ActiveCfg = Debug|Any CPU
		{63F9F843-AE40-4749-9596-41F77D8D56E7}.Ad-Hoc|iPhone.Build.0 = Debug|Any CPU
		{63F9F843-AE40-4749-9596-41F77D8D56E7}.Ad-Hoc|iPhoneSimulator.ActiveCfg = Debug|Any CPU
		{63F9F843-AE40-4749-9596-41F77D8D56E7}.Ad-Hoc|iPhoneSimulator.Build.0 = Debug|Any CPU
		{63F9F843-AE40-4749-9596-41F77D8D56E7}.AppStore|Any CPU.ActiveCfg = Debug|Any CPU
		{63F9F843-AE40-4749-9596-41F77D8D56E7}.AppStore|Any CPU.Build.0 = Debug|Any CPU
		{63F9F843-AE40-4749-9596-41F77D8D56E7}.AppStore|iPhone.ActiveCfg = Debug|Any CPU
		{63F9F843-AE40-4749-9596-41F77D8D56E7}.AppStore|iPhone.Build.0 = Debug|Any CPU
		{63F9F843-AE40-4749-9596-41F77D8D56E7}.AppStore|iPhoneSimulator.ActiveCfg = Debug|Any CPU
		{63F9F843-AE40-4749-9596-41F77D8D56E7}.AppStore|iPhoneSimulator.Build.0 = Debug|Any CPU
		{63F9F843-AE40-4749-9596-41F77D8D56E7}.Debug|Any CPU.ActiveCfg = Debug|Any CPU
		{63F9F843-AE40-4749-9596-41F77D8D56E7}.Debug|Any CPU.Build.0 = Debug|Any CPU
		{63F9F843-AE40-4749-9596-41F77D8D56E7}.Debug|iPhone.ActiveCfg = Debug|Any CPU
		{63F9F843-AE40-4749-9596-41F77D8D56E7}.Debug|iPhone.Build.0 = Debug|Any CPU
		{63F9F843-AE40-4749-9596-41F77D8D56E7}.Debug|iPhoneSimulator.ActiveCfg = Debug|Any CPU
		{63F9F843-AE40-4749-9596-41F77D8D56E7}.Debug|iPhoneSimulator.Build.0 = Debug|Any CPU
		{63F9F843-AE40-4749-9596-41F77D8D56E7}.Release|Any CPU.ActiveCfg = Release|Any CPU
		{63F9F843-AE40-4749-9596-41F77D8D56E7}.Release|Any CPU.Build.0 = Release|Any CPU
		{63F9F843-AE40-4749-9596-41F77D8D56E7}.Release|iPhone.ActiveCfg = Release|Any CPU
		{63F9F843-AE40-4749-9596-41F77D8D56E7}.Release|iPhone.Build.0 = Release|Any CPU
		{63F9F843-AE40-4749-9596-41F77D8D56E7}.Release|iPhoneSimulator.ActiveCfg = Release|Any CPU
		{63F9F843-AE40-4749-9596-41F77D8D56E7}.Release|iPhoneSimulator.Build.0 = Release|Any CPU
		{648EF000-24A0-468D-856C-7F98A4E755DC}.Ad-Hoc|Any CPU.ActiveCfg = Debug|Any CPU
		{648EF000-24A0-468D-856C-7F98A4E755DC}.Ad-Hoc|Any CPU.Build.0 = Debug|Any CPU
		{648EF000-24A0-468D-856C-7F98A4E755DC}.Ad-Hoc|iPhone.ActiveCfg = Debug|Any CPU
		{648EF000-24A0-468D-856C-7F98A4E755DC}.Ad-Hoc|iPhone.Build.0 = Debug|Any CPU
		{648EF000-24A0-468D-856C-7F98A4E755DC}.Ad-Hoc|iPhoneSimulator.ActiveCfg = Debug|Any CPU
		{648EF000-24A0-468D-856C-7F98A4E755DC}.Ad-Hoc|iPhoneSimulator.Build.0 = Debug|Any CPU
		{648EF000-24A0-468D-856C-7F98A4E755DC}.AppStore|Any CPU.ActiveCfg = Debug|Any CPU
		{648EF000-24A0-468D-856C-7F98A4E755DC}.AppStore|Any CPU.Build.0 = Debug|Any CPU
		{648EF000-24A0-468D-856C-7F98A4E755DC}.AppStore|iPhone.ActiveCfg = Debug|Any CPU
		{648EF000-24A0-468D-856C-7F98A4E755DC}.AppStore|iPhone.Build.0 = Debug|Any CPU
		{648EF000-24A0-468D-856C-7F98A4E755DC}.AppStore|iPhoneSimulator.ActiveCfg = Debug|Any CPU
		{648EF000-24A0-468D-856C-7F98A4E755DC}.AppStore|iPhoneSimulator.Build.0 = Debug|Any CPU
		{648EF000-24A0-468D-856C-7F98A4E755DC}.Debug|Any CPU.ActiveCfg = Debug|Any CPU
		{648EF000-24A0-468D-856C-7F98A4E755DC}.Debug|Any CPU.Build.0 = Debug|Any CPU
		{648EF000-24A0-468D-856C-7F98A4E755DC}.Debug|iPhone.ActiveCfg = Debug|Any CPU
		{648EF000-24A0-468D-856C-7F98A4E755DC}.Debug|iPhone.Build.0 = Debug|Any CPU
		{648EF000-24A0-468D-856C-7F98A4E755DC}.Debug|iPhoneSimulator.ActiveCfg = Debug|Any CPU
		{648EF000-24A0-468D-856C-7F98A4E755DC}.Debug|iPhoneSimulator.Build.0 = Debug|Any CPU
		{648EF000-24A0-468D-856C-7F98A4E755DC}.Release|Any CPU.ActiveCfg = Release|Any CPU
		{648EF000-24A0-468D-856C-7F98A4E755DC}.Release|Any CPU.Build.0 = Release|Any CPU
		{648EF000-24A0-468D-856C-7F98A4E755DC}.Release|iPhone.ActiveCfg = Release|Any CPU
		{648EF000-24A0-468D-856C-7F98A4E755DC}.Release|iPhone.Build.0 = Release|Any CPU
		{648EF000-24A0-468D-856C-7F98A4E755DC}.Release|iPhoneSimulator.ActiveCfg = Release|Any CPU
		{648EF000-24A0-468D-856C-7F98A4E755DC}.Release|iPhoneSimulator.Build.0 = Release|Any CPU
		{BE68B761-5984-43A7-8666-ED66EE850E79}.Ad-Hoc|Any CPU.ActiveCfg = Debug|Any CPU
		{BE68B761-5984-43A7-8666-ED66EE850E79}.Ad-Hoc|Any CPU.Build.0 = Debug|Any CPU
		{BE68B761-5984-43A7-8666-ED66EE850E79}.Ad-Hoc|iPhone.ActiveCfg = Debug|Any CPU
		{BE68B761-5984-43A7-8666-ED66EE850E79}.Ad-Hoc|iPhone.Build.0 = Debug|Any CPU
		{BE68B761-5984-43A7-8666-ED66EE850E79}.Ad-Hoc|iPhoneSimulator.ActiveCfg = Debug|Any CPU
		{BE68B761-5984-43A7-8666-ED66EE850E79}.Ad-Hoc|iPhoneSimulator.Build.0 = Debug|Any CPU
		{BE68B761-5984-43A7-8666-ED66EE850E79}.AppStore|Any CPU.ActiveCfg = Debug|Any CPU
		{BE68B761-5984-43A7-8666-ED66EE850E79}.AppStore|Any CPU.Build.0 = Debug|Any CPU
		{BE68B761-5984-43A7-8666-ED66EE850E79}.AppStore|iPhone.ActiveCfg = Debug|Any CPU
		{BE68B761-5984-43A7-8666-ED66EE850E79}.AppStore|iPhone.Build.0 = Debug|Any CPU
		{BE68B761-5984-43A7-8666-ED66EE850E79}.AppStore|iPhoneSimulator.ActiveCfg = Debug|Any CPU
		{BE68B761-5984-43A7-8666-ED66EE850E79}.AppStore|iPhoneSimulator.Build.0 = Debug|Any CPU
		{BE68B761-5984-43A7-8666-ED66EE850E79}.Debug|Any CPU.ActiveCfg = Debug|Any CPU
		{BE68B761-5984-43A7-8666-ED66EE850E79}.Debug|Any CPU.Build.0 = Debug|Any CPU
		{BE68B761-5984-43A7-8666-ED66EE850E79}.Debug|iPhone.ActiveCfg = Debug|Any CPU
		{BE68B761-5984-43A7-8666-ED66EE850E79}.Debug|iPhone.Build.0 = Debug|Any CPU
		{BE68B761-5984-43A7-8666-ED66EE850E79}.Debug|iPhoneSimulator.ActiveCfg = Debug|Any CPU
		{BE68B761-5984-43A7-8666-ED66EE850E79}.Debug|iPhoneSimulator.Build.0 = Debug|Any CPU
		{BE68B761-5984-43A7-8666-ED66EE850E79}.Release|Any CPU.ActiveCfg = Release|Any CPU
		{BE68B761-5984-43A7-8666-ED66EE850E79}.Release|Any CPU.Build.0 = Release|Any CPU
		{BE68B761-5984-43A7-8666-ED66EE850E79}.Release|iPhone.ActiveCfg = Release|Any CPU
		{BE68B761-5984-43A7-8666-ED66EE850E79}.Release|iPhone.Build.0 = Release|Any CPU
		{BE68B761-5984-43A7-8666-ED66EE850E79}.Release|iPhoneSimulator.ActiveCfg = Release|Any CPU
		{BE68B761-5984-43A7-8666-ED66EE850E79}.Release|iPhoneSimulator.Build.0 = Release|Any CPU
		{DD031613-2879-450F-BDDD-36069ED331BC}.Ad-Hoc|Any CPU.ActiveCfg = Debug|Any CPU
		{DD031613-2879-450F-BDDD-36069ED331BC}.Ad-Hoc|Any CPU.Build.0 = Debug|Any CPU
		{DD031613-2879-450F-BDDD-36069ED331BC}.Ad-Hoc|iPhone.ActiveCfg = Debug|Any CPU
		{DD031613-2879-450F-BDDD-36069ED331BC}.Ad-Hoc|iPhone.Build.0 = Debug|Any CPU
		{DD031613-2879-450F-BDDD-36069ED331BC}.Ad-Hoc|iPhoneSimulator.ActiveCfg = Debug|Any CPU
		{DD031613-2879-450F-BDDD-36069ED331BC}.Ad-Hoc|iPhoneSimulator.Build.0 = Debug|Any CPU
		{DD031613-2879-450F-BDDD-36069ED331BC}.AppStore|Any CPU.ActiveCfg = Debug|Any CPU
		{DD031613-2879-450F-BDDD-36069ED331BC}.AppStore|Any CPU.Build.0 = Debug|Any CPU
		{DD031613-2879-450F-BDDD-36069ED331BC}.AppStore|iPhone.ActiveCfg = Debug|Any CPU
		{DD031613-2879-450F-BDDD-36069ED331BC}.AppStore|iPhone.Build.0 = Debug|Any CPU
		{DD031613-2879-450F-BDDD-36069ED331BC}.AppStore|iPhoneSimulator.ActiveCfg = Debug|Any CPU
		{DD031613-2879-450F-BDDD-36069ED331BC}.AppStore|iPhoneSimulator.Build.0 = Debug|Any CPU
		{DD031613-2879-450F-BDDD-36069ED331BC}.Debug|Any CPU.ActiveCfg = Debug|Any CPU
		{DD031613-2879-450F-BDDD-36069ED331BC}.Debug|Any CPU.Build.0 = Debug|Any CPU
		{DD031613-2879-450F-BDDD-36069ED331BC}.Debug|iPhone.ActiveCfg = Debug|Any CPU
		{DD031613-2879-450F-BDDD-36069ED331BC}.Debug|iPhone.Build.0 = Debug|Any CPU
		{DD031613-2879-450F-BDDD-36069ED331BC}.Debug|iPhoneSimulator.ActiveCfg = Debug|Any CPU
		{DD031613-2879-450F-BDDD-36069ED331BC}.Debug|iPhoneSimulator.Build.0 = Debug|Any CPU
		{DD031613-2879-450F-BDDD-36069ED331BC}.Release|Any CPU.ActiveCfg = Release|Any CPU
		{DD031613-2879-450F-BDDD-36069ED331BC}.Release|Any CPU.Build.0 = Release|Any CPU
		{DD031613-2879-450F-BDDD-36069ED331BC}.Release|iPhone.ActiveCfg = Release|Any CPU
		{DD031613-2879-450F-BDDD-36069ED331BC}.Release|iPhone.Build.0 = Release|Any CPU
		{DD031613-2879-450F-BDDD-36069ED331BC}.Release|iPhoneSimulator.ActiveCfg = Release|Any CPU
		{DD031613-2879-450F-BDDD-36069ED331BC}.Release|iPhoneSimulator.Build.0 = Release|Any CPU
		{48AA03C2-5149-4757-AB3D-283FAA54D357}.Ad-Hoc|Any CPU.ActiveCfg = Debug|Any CPU
		{48AA03C2-5149-4757-AB3D-283FAA54D357}.Ad-Hoc|Any CPU.Build.0 = Debug|Any CPU
		{48AA03C2-5149-4757-AB3D-283FAA54D357}.Ad-Hoc|iPhone.ActiveCfg = Debug|Any CPU
		{48AA03C2-5149-4757-AB3D-283FAA54D357}.Ad-Hoc|iPhone.Build.0 = Debug|Any CPU
		{48AA03C2-5149-4757-AB3D-283FAA54D357}.Ad-Hoc|iPhoneSimulator.ActiveCfg = Debug|Any CPU
		{48AA03C2-5149-4757-AB3D-283FAA54D357}.Ad-Hoc|iPhoneSimulator.Build.0 = Debug|Any CPU
		{48AA03C2-5149-4757-AB3D-283FAA54D357}.AppStore|Any CPU.ActiveCfg = Debug|Any CPU
		{48AA03C2-5149-4757-AB3D-283FAA54D357}.AppStore|Any CPU.Build.0 = Debug|Any CPU
		{48AA03C2-5149-4757-AB3D-283FAA54D357}.AppStore|iPhone.ActiveCfg = Debug|Any CPU
		{48AA03C2-5149-4757-AB3D-283FAA54D357}.AppStore|iPhone.Build.0 = Debug|Any CPU
		{48AA03C2-5149-4757-AB3D-283FAA54D357}.AppStore|iPhoneSimulator.ActiveCfg = Debug|Any CPU
		{48AA03C2-5149-4757-AB3D-283FAA54D357}.AppStore|iPhoneSimulator.Build.0 = Debug|Any CPU
		{48AA03C2-5149-4757-AB3D-283FAA54D357}.Debug|Any CPU.ActiveCfg = Debug|Any CPU
		{48AA03C2-5149-4757-AB3D-283FAA54D357}.Debug|Any CPU.Build.0 = Debug|Any CPU
		{48AA03C2-5149-4757-AB3D-283FAA54D357}.Debug|iPhone.ActiveCfg = Debug|Any CPU
		{48AA03C2-5149-4757-AB3D-283FAA54D357}.Debug|iPhone.Build.0 = Debug|Any CPU
		{48AA03C2-5149-4757-AB3D-283FAA54D357}.Debug|iPhoneSimulator.ActiveCfg = Debug|Any CPU
		{48AA03C2-5149-4757-AB3D-283FAA54D357}.Debug|iPhoneSimulator.Build.0 = Debug|Any CPU
		{48AA03C2-5149-4757-AB3D-283FAA54D357}.Release|Any CPU.ActiveCfg = Release|Any CPU
		{48AA03C2-5149-4757-AB3D-283FAA54D357}.Release|Any CPU.Build.0 = Release|Any CPU
		{48AA03C2-5149-4757-AB3D-283FAA54D357}.Release|iPhone.ActiveCfg = Release|Any CPU
		{48AA03C2-5149-4757-AB3D-283FAA54D357}.Release|iPhone.Build.0 = Release|Any CPU
		{48AA03C2-5149-4757-AB3D-283FAA54D357}.Release|iPhoneSimulator.ActiveCfg = Release|Any CPU
		{48AA03C2-5149-4757-AB3D-283FAA54D357}.Release|iPhoneSimulator.Build.0 = Release|Any CPU
		{ED6AE629-F5A7-4B6E-A66A-DDE45FE4B21C}.Ad-Hoc|Any CPU.ActiveCfg = Debug|Any CPU
		{ED6AE629-F5A7-4B6E-A66A-DDE45FE4B21C}.Ad-Hoc|Any CPU.Build.0 = Debug|Any CPU
		{ED6AE629-F5A7-4B6E-A66A-DDE45FE4B21C}.Ad-Hoc|iPhone.ActiveCfg = Debug|Any CPU
		{ED6AE629-F5A7-4B6E-A66A-DDE45FE4B21C}.Ad-Hoc|iPhone.Build.0 = Debug|Any CPU
		{ED6AE629-F5A7-4B6E-A66A-DDE45FE4B21C}.Ad-Hoc|iPhoneSimulator.ActiveCfg = Debug|Any CPU
		{ED6AE629-F5A7-4B6E-A66A-DDE45FE4B21C}.Ad-Hoc|iPhoneSimulator.Build.0 = Debug|Any CPU
		{ED6AE629-F5A7-4B6E-A66A-DDE45FE4B21C}.AppStore|Any CPU.ActiveCfg = Debug|Any CPU
		{ED6AE629-F5A7-4B6E-A66A-DDE45FE4B21C}.AppStore|Any CPU.Build.0 = Debug|Any CPU
		{ED6AE629-F5A7-4B6E-A66A-DDE45FE4B21C}.AppStore|iPhone.ActiveCfg = Debug|Any CPU
		{ED6AE629-F5A7-4B6E-A66A-DDE45FE4B21C}.AppStore|iPhone.Build.0 = Debug|Any CPU
		{ED6AE629-F5A7-4B6E-A66A-DDE45FE4B21C}.AppStore|iPhoneSimulator.ActiveCfg = Debug|Any CPU
		{ED6AE629-F5A7-4B6E-A66A-DDE45FE4B21C}.AppStore|iPhoneSimulator.Build.0 = Debug|Any CPU
		{ED6AE629-F5A7-4B6E-A66A-DDE45FE4B21C}.Debug|Any CPU.ActiveCfg = Debug|Any CPU
		{ED6AE629-F5A7-4B6E-A66A-DDE45FE4B21C}.Debug|Any CPU.Build.0 = Debug|Any CPU
		{ED6AE629-F5A7-4B6E-A66A-DDE45FE4B21C}.Debug|iPhone.ActiveCfg = Debug|Any CPU
		{ED6AE629-F5A7-4B6E-A66A-DDE45FE4B21C}.Debug|iPhone.Build.0 = Debug|Any CPU
		{ED6AE629-F5A7-4B6E-A66A-DDE45FE4B21C}.Debug|iPhoneSimulator.ActiveCfg = Debug|Any CPU
		{ED6AE629-F5A7-4B6E-A66A-DDE45FE4B21C}.Debug|iPhoneSimulator.Build.0 = Debug|Any CPU
		{ED6AE629-F5A7-4B6E-A66A-DDE45FE4B21C}.Release|Any CPU.ActiveCfg = Release|Any CPU
		{ED6AE629-F5A7-4B6E-A66A-DDE45FE4B21C}.Release|Any CPU.Build.0 = Release|Any CPU
		{ED6AE629-F5A7-4B6E-A66A-DDE45FE4B21C}.Release|iPhone.ActiveCfg = Release|Any CPU
		{ED6AE629-F5A7-4B6E-A66A-DDE45FE4B21C}.Release|iPhone.Build.0 = Release|Any CPU
		{ED6AE629-F5A7-4B6E-A66A-DDE45FE4B21C}.Release|iPhoneSimulator.ActiveCfg = Release|Any CPU
		{ED6AE629-F5A7-4B6E-A66A-DDE45FE4B21C}.Release|iPhoneSimulator.Build.0 = Release|Any CPU
		{4F02C014-8764-449F-8DB0-75A44B8BFA9F}.Ad-Hoc|Any CPU.ActiveCfg = Debug|Any CPU
		{4F02C014-8764-449F-8DB0-75A44B8BFA9F}.Ad-Hoc|Any CPU.Build.0 = Debug|Any CPU
		{4F02C014-8764-449F-8DB0-75A44B8BFA9F}.Ad-Hoc|iPhone.ActiveCfg = Debug|Any CPU
		{4F02C014-8764-449F-8DB0-75A44B8BFA9F}.Ad-Hoc|iPhone.Build.0 = Debug|Any CPU
		{4F02C014-8764-449F-8DB0-75A44B8BFA9F}.Ad-Hoc|iPhoneSimulator.ActiveCfg = Debug|Any CPU
		{4F02C014-8764-449F-8DB0-75A44B8BFA9F}.Ad-Hoc|iPhoneSimulator.Build.0 = Debug|Any CPU
		{4F02C014-8764-449F-8DB0-75A44B8BFA9F}.AppStore|Any CPU.ActiveCfg = Debug|Any CPU
		{4F02C014-8764-449F-8DB0-75A44B8BFA9F}.AppStore|Any CPU.Build.0 = Debug|Any CPU
		{4F02C014-8764-449F-8DB0-75A44B8BFA9F}.AppStore|iPhone.ActiveCfg = Debug|Any CPU
		{4F02C014-8764-449F-8DB0-75A44B8BFA9F}.AppStore|iPhone.Build.0 = Debug|Any CPU
		{4F02C014-8764-449F-8DB0-75A44B8BFA9F}.AppStore|iPhoneSimulator.ActiveCfg = Debug|Any CPU
		{4F02C014-8764-449F-8DB0-75A44B8BFA9F}.AppStore|iPhoneSimulator.Build.0 = Debug|Any CPU
		{4F02C014-8764-449F-8DB0-75A44B8BFA9F}.Debug|Any CPU.ActiveCfg = Debug|Any CPU
		{4F02C014-8764-449F-8DB0-75A44B8BFA9F}.Debug|Any CPU.Build.0 = Debug|Any CPU
		{4F02C014-8764-449F-8DB0-75A44B8BFA9F}.Debug|iPhone.ActiveCfg = Debug|Any CPU
		{4F02C014-8764-449F-8DB0-75A44B8BFA9F}.Debug|iPhone.Build.0 = Debug|Any CPU
		{4F02C014-8764-449F-8DB0-75A44B8BFA9F}.Debug|iPhoneSimulator.ActiveCfg = Debug|Any CPU
		{4F02C014-8764-449F-8DB0-75A44B8BFA9F}.Debug|iPhoneSimulator.Build.0 = Debug|Any CPU
		{4F02C014-8764-449F-8DB0-75A44B8BFA9F}.Release|Any CPU.ActiveCfg = Release|Any CPU
		{4F02C014-8764-449F-8DB0-75A44B8BFA9F}.Release|Any CPU.Build.0 = Release|Any CPU
		{4F02C014-8764-449F-8DB0-75A44B8BFA9F}.Release|iPhone.ActiveCfg = Release|Any CPU
		{4F02C014-8764-449F-8DB0-75A44B8BFA9F}.Release|iPhone.Build.0 = Release|Any CPU
		{4F02C014-8764-449F-8DB0-75A44B8BFA9F}.Release|iPhoneSimulator.ActiveCfg = Release|Any CPU
		{4F02C014-8764-449F-8DB0-75A44B8BFA9F}.Release|iPhoneSimulator.Build.0 = Release|Any CPU
		{F875AA60-A176-478C-AE95-78E910A921CA}.Ad-Hoc|Any CPU.ActiveCfg = Debug|Any CPU
		{F875AA60-A176-478C-AE95-78E910A921CA}.Ad-Hoc|Any CPU.Build.0 = Debug|Any CPU
		{F875AA60-A176-478C-AE95-78E910A921CA}.Ad-Hoc|iPhone.ActiveCfg = Debug|Any CPU
		{F875AA60-A176-478C-AE95-78E910A921CA}.Ad-Hoc|iPhone.Build.0 = Debug|Any CPU
		{F875AA60-A176-478C-AE95-78E910A921CA}.Ad-Hoc|iPhoneSimulator.ActiveCfg = Debug|Any CPU
		{F875AA60-A176-478C-AE95-78E910A921CA}.Ad-Hoc|iPhoneSimulator.Build.0 = Debug|Any CPU
		{F875AA60-A176-478C-AE95-78E910A921CA}.AppStore|Any CPU.ActiveCfg = Debug|Any CPU
		{F875AA60-A176-478C-AE95-78E910A921CA}.AppStore|Any CPU.Build.0 = Debug|Any CPU
		{F875AA60-A176-478C-AE95-78E910A921CA}.AppStore|iPhone.ActiveCfg = Debug|Any CPU
		{F875AA60-A176-478C-AE95-78E910A921CA}.AppStore|iPhone.Build.0 = Debug|Any CPU
		{F875AA60-A176-478C-AE95-78E910A921CA}.AppStore|iPhoneSimulator.ActiveCfg = Debug|Any CPU
		{F875AA60-A176-478C-AE95-78E910A921CA}.AppStore|iPhoneSimulator.Build.0 = Debug|Any CPU
		{F875AA60-A176-478C-AE95-78E910A921CA}.Debug|Any CPU.ActiveCfg = Debug|Any CPU
		{F875AA60-A176-478C-AE95-78E910A921CA}.Debug|Any CPU.Build.0 = Debug|Any CPU
		{F875AA60-A176-478C-AE95-78E910A921CA}.Debug|iPhone.ActiveCfg = Debug|Any CPU
		{F875AA60-A176-478C-AE95-78E910A921CA}.Debug|iPhone.Build.0 = Debug|Any CPU
		{F875AA60-A176-478C-AE95-78E910A921CA}.Debug|iPhoneSimulator.ActiveCfg = Debug|Any CPU
		{F875AA60-A176-478C-AE95-78E910A921CA}.Debug|iPhoneSimulator.Build.0 = Debug|Any CPU
		{F875AA60-A176-478C-AE95-78E910A921CA}.Release|Any CPU.ActiveCfg = Release|Any CPU
		{F875AA60-A176-478C-AE95-78E910A921CA}.Release|Any CPU.Build.0 = Release|Any CPU
		{F875AA60-A176-478C-AE95-78E910A921CA}.Release|iPhone.ActiveCfg = Release|Any CPU
		{F875AA60-A176-478C-AE95-78E910A921CA}.Release|iPhone.Build.0 = Release|Any CPU
		{F875AA60-A176-478C-AE95-78E910A921CA}.Release|iPhoneSimulator.ActiveCfg = Release|Any CPU
		{F875AA60-A176-478C-AE95-78E910A921CA}.Release|iPhoneSimulator.Build.0 = Release|Any CPU
	EndGlobalSection
	GlobalSection(SolutionProperties) = preSolution
		HideSolutionNode = FALSE
	EndGlobalSection
	GlobalSection(ExtensibilityGlobals) = postSolution
		SolutionGuid = {5E938DC9-2150-48A9-932E-1BF84EEE180F}
	EndGlobalSection
EndGlobal
